
Microsoft Visual Studio Solution File, Format Version 12.00
# Visual Studio 2013
VisualStudioVersion = 12.0.21005.1
MinimumVisualStudioVersion = 10.0.40219.1
Project("{FAE04EC0-301F-11D3-BF4B-00C04F79EFBC}") = "uhttpsharp-demo", "uhttpsharp-demo\uhttpsharp-demo.csproj", "{55C5E8D2-F55E-4B9F-B96F-FCE201739D07}"
EndProject
Project("{FAE04EC0-301F-11D3-BF4B-00C04F79EFBC}") = "uhttpsharp", "uhttpsharp\uhttpsharp.csproj", "{3D681959-4DA3-4A71-A68B-704D6411D5EA}"
EndProject
Project("{2150E333-8FDC-42A3-9474-1A3956D46DE8}") = "Solution Items", "Solution Items", "{EA15AFF9-2029-4D23-8F0C-FD0476394B0B}"
	ProjectSection(SolutionItems) = preProject
		README.md = README.md
	EndProjectSection
EndProject
Global
	GlobalSection(SolutionConfigurationPlatforms) = preSolution
		Debug|Any CPU = Debug|Any CPU
		Debug|Mixed Platforms = Debug|Mixed Platforms
		Debug|x86 = Debug|x86
		Release|Any CPU = Release|Any CPU
		Release|Mixed Platforms = Release|Mixed Platforms
		Release|x86 = Release|x86
	EndGlobalSection
	GlobalSection(ProjectConfigurationPlatforms) = postSolution
		{55C5E8D2-F55E-4B9F-B96F-FCE201739D07}.Debug|Any CPU.ActiveCfg = Debug|x86
		{55C5E8D2-F55E-4B9F-B96F-FCE201739D07}.Debug|Mixed Platforms.ActiveCfg = Debug|x86
		{55C5E8D2-F55E-4B9F-B96F-FCE201739D07}.Debug|Mixed Platforms.Build.0 = Debug|x86
		{55C5E8D2-F55E-4B9F-B96F-FCE201739D07}.Debug|x86.ActiveCfg = Debug|x86
		{55C5E8D2-F55E-4B9F-B96F-FCE201739D07}.Debug|x86.Build.0 = Debug|x86
		{55C5E8D2-F55E-4B9F-B96F-FCE201739D07}.Release|Any CPU.ActiveCfg = Release|x86
		{55C5E8D2-F55E-4B9F-B96F-FCE201739D07}.Release|Mixed Platforms.ActiveCfg = Release|x86
		{55C5E8D2-F55E-4B9F-B96F-FCE201739D07}.Release|Mixed Platforms.Build.0 = Release|x86
		{55C5E8D2-F55E-4B9F-B96F-FCE201739D07}.Release|x86.ActiveCfg = Release|x86
		{55C5E8D2-F55E-4B9F-B96F-FCE201739D07}.Release|x86.Build.0 = Release|x86
		{3D681959-4DA3-4A71-A68B-704D6411D5EA}.Debug|Any CPU.ActiveCfg = Debug|Any CPU
		{3D681959-4DA3-4A71-A68B-704D6411D5EA}.Debug|Any CPU.Build.0 = Debug|Any CPU
		{3D681959-4DA3-4A71-A68B-704D6411D5EA}.Debug|Mixed Platforms.ActiveCfg = Debug|Any CPU
		{3D681959-4DA3-4A71-A68B-704D6411D5EA}.Debug|Mixed Platforms.Build.0 = Debug|Any CPU
		{3D681959-4DA3-4A71-A68B-704D6411D5EA}.Debug|x86.ActiveCfg = Debug|Any CPU
		{3D681959-4DA3-4A71-A68B-704D6411D5EA}.Release|Any CPU.ActiveCfg = Release|Any CPU
		{3D681959-4DA3-4A71-A68B-704D6411D5EA}.Release|Any CPU.Build.0 = Release|Any CPU
		{3D681959-4DA3-4A71-A68B-704D6411D5EA}.Release|Mixed Platforms.ActiveCfg = Release|Any CPU
		{3D681959-4DA3-4A71-A68B-704D6411D5EA}.Release|Mixed Platforms.Build.0 = Release|Any CPU
		{3D681959-4DA3-4A71-A68B-704D6411D5EA}.Release|x86.ActiveCfg = Release|Any CPU
	EndGlobalSection
	GlobalSection(SolutionProperties) = preSolution
		HideSolutionNode = FALSE
	EndGlobalSection
EndGlobal
